// !$*UTF8*$!
{
	archiveVersion = 1;
	classes = {
	};
	objectVersion = 50;
	objects = {

/* Begin PBXBuildFile section */
		385507DC25AC646900D2F5E9 /* Assets.xcassets in Resources */ = {isa = PBXBuildFile; fileRef = 385507DB25AC646900D2F5E9 /* Assets.xcassets */; };
		385507F725AC653D00D2F5E9 /* agent-cmd.sh in Resources */ = {isa = PBXBuildFile; fileRef = 385507EF25AC653D00D2F5E9 /* agent-cmd.sh */; };
		385507F825AC653D00D2F5E9 /* install.sh in Resources */ = {isa = PBXBuildFile; fileRef = 385507F025AC653D00D2F5E9 /* install.sh */; };
		385507F925AC653D00D2F5E9 /* com.roccoormm.LaunchAgent-AppDelegate-NotificationCenter.app.plist in Resources */ = {isa = PBXBuildFile; fileRef = 385507F225AC653D00D2F5E9 /* com.roccoormm.LaunchAgent-AppDelegate-NotificationCenter.app.plist */; };
		385507FA25AC653D00D2F5E9 /* makeScriptsExecutable.sh in Resources */ = {isa = PBXBuildFile; fileRef = 385507F325AC653D00D2F5E9 /* makeScriptsExecutable.sh */; };
		385507FB25AC653D00D2F5E9 /* open-folder.sh in Resources */ = {isa = PBXBuildFile; fileRef = 385507F425AC653D00D2F5E9 /* open-folder.sh */; };
		385507FC25AC653D00D2F5E9 /* user.sh in Resources */ = {isa = PBXBuildFile; fileRef = 385507F625AC653D00D2F5E9 /* user.sh */; };
		3855080025AC661000D2F5E9 /* main.swift in Sources */ = {isa = PBXBuildFile; fileRef = 385507FE25AC661000D2F5E9 /* main.swift */; };
		3855080625AC663B00D2F5E9 /* AppDelegate.swift in Sources */ = {isa = PBXBuildFile; fileRef = 3855080525AC663B00D2F5E9 /* AppDelegate.swift */; };
/* End PBXBuildFile section */

/* Begin PBXFileReference section */
		385507D425AC646800D2F5E9 /* LaunchAgent-AppDelegate-NotificationCenter.app */ = {isa = PBXFileReference; explicitFileType = wrapper.application; includeInIndex = 0; path = "LaunchAgent-AppDelegate-NotificationCenter.app"; sourceTree = BUILT_PRODUCTS_DIR; };
		385507DB25AC646900D2F5E9 /* Assets.xcassets */ = {isa = PBXFileReference; lastKnownFileType = folder.assetcatalog; path = Assets.xcassets; sourceTree = "<group>"; };
		385507E025AC646900D2F5E9 /* Info.plist */ = {isa = PBXFileReference; lastKnownFileType = text.plist.xml; path = Info.plist; sourceTree = "<group>"; };
		385507E125AC646900D2F5E9 /* LaunchAgent_AppDelegate_NotificationCenter.entitlements */ = {isa = PBXFileReference; lastKnownFileType = text.plist.entitlements; path = LaunchAgent_AppDelegate_NotificationCenter.entitlements; sourceTree = "<group>"; };
		385507EF25AC653D00D2F5E9 /* agent-cmd.sh */ = {isa = PBXFileReference; fileEncoding = 4; lastKnownFileType = text.script.sh; path = "agent-cmd.sh"; sourceTree = "<group>"; };
		385507F025AC653D00D2F5E9 /* install.sh */ = {isa = PBXFileReference; fileEncoding = 4; lastKnownFileType = text.script.sh; path = install.sh; sourceTree = "<group>"; };
		385507F225AC653D00D2F5E9 /* com.roccoormm.LaunchAgent-AppDelegate-NotificationCenter.app.plist */ = {isa = PBXFileReference; fileEncoding = 4; lastKnownFileType = text.plist.xml; path = "com.roccoormm.LaunchAgent-AppDelegate-NotificationCenter.app.plist"; sourceTree = "<group>"; };
		385507F325AC653D00D2F5E9 /* makeScriptsExecutable.sh */ = {isa = PBXFileReference; fileEncoding = 4; lastKnownFileType = text.script.sh; path = makeScriptsExecutable.sh; sourceTree = "<group>"; };
		385507F425AC653D00D2F5E9 /* open-folder.sh */ = {isa = PBXFileReference; fileEncoding = 4; lastKnownFileType = text.script.sh; path = "open-folder.sh"; sourceTree = "<group>"; };
		385507F625AC653D00D2F5E9 /* user.sh */ = {isa = PBXFileReference; fileEncoding = 4; lastKnownFileType = text.script.sh; path = user.sh; sourceTree = "<group>"; };
		385507FE25AC661000D2F5E9 /* main.swift */ = {isa = PBXFileReference; fileEncoding = 4; lastKnownFileType = sourcecode.swift; path = main.swift; sourceTree = "<group>"; };
		3855080525AC663B00D2F5E9 /* AppDelegate.swift */ = {isa = PBXFileReference; fileEncoding = 4; lastKnownFileType = sourcecode.swift; path = AppDelegate.swift; sourceTree = "<group>"; };
/* End PBXFileReference section */

/* Begin PBXFrameworksBuildPhase section */
		385507D125AC646800D2F5E9 /* Frameworks */ = {
			isa = PBXFrameworksBuildPhase;
			buildActionMask = 2147483647;
			files = (
			);
			runOnlyForDeploymentPostprocessing = 0;
		};
/* End PBXFrameworksBuildPhase section */

/* Begin PBXGroup section */
		385507CB25AC646800D2F5E9 = {
			isa = PBXGroup;
			children = (
				385507EE25AC653D00D2F5E9 /* Install */,
				385507D625AC646800D2F5E9 /* LaunchAgent-AppDelegate-NotificationCenter */,
				385507D525AC646800D2F5E9 /* Products */,
			);
			sourceTree = "<group>";
		};
		385507D525AC646800D2F5E9 /* Products */ = {
			isa = PBXGroup;
			children = (
				385507D425AC646800D2F5E9 /* LaunchAgent-AppDelegate-NotificationCenter.app */,
			);
			name = Products;
			sourceTree = "<group>";
		};
		385507D625AC646800D2F5E9 /* LaunchAgent-AppDelegate-NotificationCenter */ = {
			isa = PBXGroup;
			children = (
				3855080525AC663B00D2F5E9 /* AppDelegate.swift */,
				385507FE25AC661000D2F5E9 /* main.swift */,
				385507DB25AC646900D2F5E9 /* Assets.xcassets */,
				385507E025AC646900D2F5E9 /* Info.plist */,
				385507E125AC646900D2F5E9 /* LaunchAgent_AppDelegate_NotificationCenter.entitlements */,
			);
			path = "LaunchAgent-AppDelegate-NotificationCenter";
			sourceTree = "<group>";
		};
		385507EE25AC653D00D2F5E9 /* Install */ = {
			isa = PBXGroup;
			children = (
				385507F525AC653D00D2F5E9 /* Common */,
				385507F125AC653D00D2F5E9 /* Resources */,
				385507EF25AC653D00D2F5E9 /* agent-cmd.sh */,
				385507F025AC653D00D2F5E9 /* install.sh */,
				385507F325AC653D00D2F5E9 /* makeScriptsExecutable.sh */,
				385507F425AC653D00D2F5E9 /* open-folder.sh */,
			);
			path = Install;
			sourceTree = "<group>";
		};
		385507F125AC653D00D2F5E9 /* Resources */ = {
			isa = PBXGroup;
			children = (
				385507F225AC653D00D2F5E9 /* com.roccoormm.LaunchAgent-AppDelegate-NotificationCenter.app.plist */,
			);
			path = Resources;
			sourceTree = "<group>";
		};
		385507F525AC653D00D2F5E9 /* Common */ = {
			isa = PBXGroup;
			children = (
				385507F625AC653D00D2F5E9 /* user.sh */,
			);
			path = Common;
			sourceTree = "<group>";
		};
/* End PBXGroup section */

/* Begin PBXNativeTarget section */
		385507D325AC646800D2F5E9 /* LaunchAgent-AppDelegate-NotificationCenter */ = {
			isa = PBXNativeTarget;
			buildConfigurationList = 385507E425AC646900D2F5E9 /* Build configuration list for PBXNativeTarget "LaunchAgent-AppDelegate-NotificationCenter" */;
			buildPhases = (
				385507D025AC646800D2F5E9 /* Sources */,
				385507D125AC646800D2F5E9 /* Frameworks */,
				385507D225AC646800D2F5E9 /* Resources */,
			);
			buildRules = (
			);
			dependencies = (
			);
			name = "LaunchAgent-AppDelegate-NotificationCenter";
			productName = "LaunchAgent-AppDelegate-NotificationCenter";
			productReference = 385507D425AC646800D2F5E9 /* LaunchAgent-AppDelegate-NotificationCenter.app */;
			productType = "com.apple.product-type.application";
		};
/* End PBXNativeTarget section */

/* Begin PBXProject section */
		385507CC25AC646800D2F5E9 /* Project object */ = {
			isa = PBXProject;
			attributes = {
				LastSwiftUpdateCheck = 1230;
				LastUpgradeCheck = 1230;
				TargetAttributes = {
					385507D325AC646800D2F5E9 = {
						CreatedOnToolsVersion = 12.3;
					};
				};
			};
			buildConfigurationList = 385507CF25AC646800D2F5E9 /* Build configuration list for PBXProject "LaunchAgent-AppDelegate-NotificationCenter" */;
			compatibilityVersion = "Xcode 9.3";
			developmentRegion = en;
			hasScannedForEncodings = 0;
			knownRegions = (
				en,
				Base,
			);
			mainGroup = 385507CB25AC646800D2F5E9;
			productRefGroup = 385507D525AC646800D2F5E9 /* Products */;
			projectDirPath = "";
			projectRoot = "";
			targets = (
				385507D325AC646800D2F5E9 /* LaunchAgent-AppDelegate-NotificationCenter */,
			);
		};
/* End PBXProject section */

/* Begin PBXResourcesBuildPhase section */
		385507D225AC646800D2F5E9 /* Resources */ = {
			isa = PBXResourcesBuildPhase;
			buildActionMask = 2147483647;
			files = (
				385507DC25AC646900D2F5E9 /* Assets.xcassets in Resources */,
				385507F825AC653D00D2F5E9 /* install.sh in Resources */,
				385507FB25AC653D00D2F5E9 /* open-folder.sh in Resources */,
				385507FA25AC653D00D2F5E9 /* makeScriptsExecutable.sh in Resources */,
				385507FC25AC653D00D2F5E9 /* user.sh in Resources */,
				385507F725AC653D00D2F5E9 /* agent-cmd.sh in Resources */,
				385507F925AC653D00D2F5E9 /* com.roccoormm.LaunchAgent-AppDelegate-NotificationCenter.app.plist in Resources */,
			);
			runOnlyForDeploymentPostprocessing = 0;
		};
/* End PBXResourcesBuildPhase section */

/* Begin PBXSourcesBuildPhase section */
		385507D025AC646800D2F5E9 /* Sources */ = {
			isa = PBXSourcesBuildPhase;
			buildActionMask = 2147483647;
			files = (
				3855080625AC663B00D2F5E9 /* AppDelegate.swift in Sources */,
				3855080025AC661000D2F5E9 /* main.swift in Sources */,
			);
			runOnlyForDeploymentPostprocessing = 0;
		};
/* End PBXSourcesBuildPhase section */

/* Begin XCBuildConfiguration section */
		385507E225AC646900D2F5E9 /* Debug */ = {
			isa = XCBuildConfiguration;
			buildSettings = {
				ALWAYS_SEARCH_USER_PATHS = NO;
				CLANG_ANALYZER_NONNULL = YES;
				CLANG_ANALYZER_NUMBER_OBJECT_CONVERSION = YES_AGGRESSIVE;
				CLANG_CXX_LANGUAGE_STANDARD = "gnu++14";
				CLANG_CXX_LIBRARY = "libc++";
				CLANG_ENABLE_MODULES = YES;
				CLANG_ENABLE_OBJC_ARC = YES;
				CLANG_ENABLE_OBJC_WEAK = YES;
				CLANG_WARN_BLOCK_CAPTURE_AUTORELEASING = YES;
				CLANG_WARN_BOOL_CONVERSION = YES;
				CLANG_WARN_COMMA = YES;
				CLANG_WARN_CONSTANT_CONVERSION = YES;
				CLANG_WARN_DEPRECATED_OBJC_IMPLEMENTATIONS = YES;
				CLANG_WARN_DIRECT_OBJC_ISA_USAGE = YES_ERROR;
				CLANG_WARN_DOCUMENTATION_COMMENTS = YES;
				CLANG_WARN_EMPTY_BODY = YES;
				CLANG_WARN_ENUM_CONVERSION = YES;
				CLANG_WARN_INFINITE_RECURSION = YES;
				CLANG_WARN_INT_CONVERSION = YES;
				CLANG_WARN_NON_LITERAL_NULL_CONVERSION = YES;
				CLANG_WARN_OBJC_IMPLICIT_RETAIN_SELF = YES;
				CLANG_WARN_OBJC_LITERAL_CONVERSION = YES;
				CLANG_WARN_OBJC_ROOT_CLASS = YES_ERROR;
				CLANG_WARN_QUOTED_INCLUDE_IN_FRAMEWORK_HEADER = YES;
				CLANG_WARN_RANGE_LOOP_ANALYSIS = YES;
				CLANG_WARN_STRICT_PROTOTYPES = YES;
				CLANG_WARN_SUSPICIOUS_MOVE = YES;
				CLANG_WARN_UNGUARDED_AVAILABILITY = YES_AGGRESSIVE;
				CLANG_WARN_UNREACHABLE_CODE = YES;
				CLANG_WARN__DUPLICATE_METHOD_MATCH = YES;
				COPY_PHASE_STRIP = NO;
				DEBUG_INFORMATION_FORMAT = dwarf;
				ENABLE_STRICT_OBJC_MSGSEND = YES;
				ENABLE_TESTABILITY = YES;
				GCC_C_LANGUAGE_STANDARD = gnu11;
				GCC_DYNAMIC_NO_PIC = NO;
				GCC_NO_COMMON_BLOCKS = YES;
				GCC_OPTIMIZATION_LEVEL = 0;
				GCC_PREPROCESSOR_DEFINITIONS = (
					"DEBUG=1",
					"$(inherited)",
				);
				GCC_WARN_64_TO_32_BIT_CONVERSION = YES;
				GCC_WARN_ABOUT_RETURN_TYPE = YES_ERROR;
				GCC_WARN_UNDECLARED_SELECTOR = YES;
				GCC_WARN_UNINITIALIZED_AUTOS = YES_AGGRESSIVE;
				GCC_WARN_UNUSED_FUNCTION = YES;
				GCC_WARN_UNUSED_VARIABLE = YES;
				MACOSX_DEPLOYMENT_TARGET = 11.1;
				MTL_ENABLE_DEBUG_INFO = INCLUDE_SOURCE;
				MTL_FAST_MATH = YES;
				ONLY_ACTIVE_ARCH = YES;
				SDKROOT = macosx;
				SWIFT_ACTIVE_COMPILATION_CONDITIONS = DEBUG;
				SWIFT_OPTIMIZATION_LEVEL = "-Onone";
			};
			name = Debug;
		};
		385507E325AC646900D2F5E9 /* Release */ = {
			isa = XCBuildConfiguration;
			buildSettings = {
				ALWAYS_SEARCH_USER_PATHS = NO;
				CLANG_ANALYZER_NONNULL = YES;
				CLANG_ANALYZER_NUMBER_OBJECT_CONVERSION = YES_AGGRESSIVE;
				CLANG_CXX_LANGUAGE_STANDARD = "gnu++14";
				CLANG_CXX_LIBRARY = "libc++";
				CLANG_ENABLE_MODULES = YES;
				CLANG_ENABLE_OBJC_ARC = YES;
				CLANG_ENABLE_OBJC_WEAK = YES;
				CLANG_WARN_BLOCK_CAPTURE_AUTORELEASING = YES;
				CLANG_WARN_BOOL_CONVERSION = YES;
				CLANG_WARN_COMMA = YES;
				CLANG_WARN_CONSTANT_CONVERSION = YES;
				CLANG_WARN_DEPRECATED_OBJC_IMPLEMENTATIONS = YES;
				CLANG_WARN_DIRECT_OBJC_ISA_USAGE = YES_ERROR;
				CLANG_WARN_DOCUMENTATION_COMMENTS = YES;
				CLANG_WARN_EMPTY_BODY = YES;
				CLANG_WARN_ENUM_CONVERSION = YES;
				CLANG_WARN_INFINITE_RECURSION = YES;
				CLANG_WARN_INT_CONVERSION = YES;
				CLANG_WARN_NON_LITERAL_NULL_CONVERSION = YES;
				CLANG_WARN_OBJC_IMPLICIT_RETAIN_SELF = YES;
				CLANG_WARN_OBJC_LITERAL_CONVERSION = YES;
				CLANG_WARN_OBJC_ROOT_CLASS = YES_ERROR;
				CLANG_WARN_QUOTED_INCLUDE_IN_FRAMEWORK_HEADER = YES;
				CLANG_WARN_RANGE_LOOP_ANALYSIS = YES;
				CLANG_WARN_STRICT_PROTOTYPES = YES;
				CLANG_WARN_SUSPICIOUS_MOVE = YES;
				CLANG_WARN_UNGUARDED_AVAILABILITY = YES_AGGRESSIVE;
				CLANG_WARN_UNREACHABLE_CODE = YES;
				CLANG_WARN__DUPLICATE_METHOD_MATCH = YES;
				COPY_PHASE_STRIP = NO;
				DEBUG_INFORMATION_FORMAT = "dwarf-with-dsym";
				ENABLE_NS_ASSERTIONS = NO;
				ENABLE_STRICT_OBJC_MSGSEND = YES;
				GCC_C_LANGUAGE_STANDARD = gnu11;
				GCC_NO_COMMON_BLOCKS = YES;
				GCC_WARN_64_TO_32_BIT_CONVERSION = YES;
				GCC_WARN_ABOUT_RETURN_TYPE = YES_ERROR;
				GCC_WARN_UNDECLARED_SELECTOR = YES;
				GCC_WARN_UNINITIALIZED_AUTOS = YES_AGGRESSIVE;
				GCC_WARN_UNUSED_FUNCTION = YES;
				GCC_WARN_UNUSED_VARIABLE = YES;
				MACOSX_DEPLOYMENT_TARGET = 11.1;
				MTL_ENABLE_DEBUG_INFO = NO;
				MTL_FAST_MATH = YES;
				SDKROOT = macosx;
				SWIFT_COMPILATION_MODE = wholemodule;
				SWIFT_OPTIMIZATION_LEVEL = "-O";
			};
			name = Release;
		};
		385507E525AC646900D2F5E9 /* Debug */ = {
			isa = XCBuildConfiguration;
			buildSettings = {
				ASSETCATALOG_COMPILER_APPICON_NAME = AppIcon;
				ASSETCATALOG_COMPILER_GLOBAL_ACCENT_COLOR_NAME = AccentColor;
				CODE_SIGN_ENTITLEMENTS = "LaunchAgent-AppDelegate-NotificationCenter/LaunchAgent_AppDelegate_NotificationCenter.entitlements";
				CODE_SIGN_STYLE = Automatic;
				COMBINE_HIDPI_IMAGES = YES;
				DEVELOPMENT_TEAM = 5235Z645TX;
				ENABLE_HARDENED_RUNTIME = YES;
				INFOPLIST_FILE = "LaunchAgent-AppDelegate-NotificationCenter/Info.plist";
				LD_RUNPATH_SEARCH_PATHS = (
					"$(inherited)",
					"@executable_path/../Frameworks",
				);
				PRODUCT_BUNDLE_IDENTIFIER = "com.roccoormm.LaunchAgent-AppDelegate-NotificationCenter";
				PRODUCT_NAME = "$(TARGET_NAME)";
				SWIFT_VERSION = 5.0;
			};
			name = Debug;
		};
		385507E625AC646900D2F5E9 /* Release */ = {
			isa = XCBuildConfiguration;
			buildSettings = {
				ASSETCATALOG_COMPILER_APPICON_NAME = AppIcon;
				ASSETCATALOG_COMPILER_GLOBAL_ACCENT_COLOR_NAME = AccentColor;
				CODE_SIGN_ENTITLEMENTS = "LaunchAgent-AppDelegate-NotificationCenter/LaunchAgent_AppDelegate_NotificationCenter.entitlements";
				CODE_SIGN_STYLE = Automatic;
				COMBINE_HIDPI_IMAGES = YES;
				DEVELOPMENT_TEAM = 5235Z645TX;
				ENABLE_HARDENED_RUNTIME = YES;
				INFOPLIST_FILE = "LaunchAgent-AppDelegate-NotificationCenter/Info.plist";
				LD_RUNPATH_SEARCH_PATHS = (
					"$(inherited)",
					"@executable_path/../Frameworks",
				);
				PRODUCT_BUNDLE_IDENTIFIER = "com.roccoormm.LaunchAgent-AppDelegate-NotificationCenter";
				PRODUCT_NAME = "$(TARGET_NAME)";
				SWIFT_VERSION = 5.0;
			};
			name = Release;
		};
/* End XCBuildConfiguration section */

/* Begin XCConfigurationList section */
		385507CF25AC646800D2F5E9 /* Build configuration list for PBXProject "LaunchAgent-AppDelegate-NotificationCenter" */ = {
			isa = XCConfigurationList;
			buildConfigurations = (
				385507E225AC646900D2F5E9 /* Debug */,
				385507E325AC646900D2F5E9 /* Release */,
			);
			defaultConfigurationIsVisible = 0;
			defaultConfigurationName = Release;
		};
		385507E425AC646900D2F5E9 /* Build configuration list for PBXNativeTarget "LaunchAgent-AppDelegate-NotificationCenter" */ = {
			isa = XCConfigurationList;
			buildConfigurations = (
				385507E525AC646900D2F5E9 /* Debug */,
				385507E625AC646900D2F5E9 /* Release */,
			);
			defaultConfigurationIsVisible = 0;
			defaultConfigurationName = Release;
		};
/* End XCConfigurationList section */
	};
	rootObject = 385507CC25AC646800D2F5E9 /* Project object */;
}
